
Microsoft Visual Studio Solution File, Format Version 12.00
# Visual Studio Version 17
VisualStudioVersion = 17.11.35327.3
MinimumVisualStudioVersion = 10.0.40219.1
Project("{FAE04EC0-301F-11D3-BF4B-00C04F79EFBC}") = "WFO.WebAPI", "WFO.WebAPI\WFO.WebAPI.csproj", "{0EA3033B-4DB2-4563-BD3F-9821768C97FC}"
EndProject
Project("{2150E333-8FDC-42A3-9474-1A3956D46DE8}") = "Services", "Services", "{3549FF2E-10CB-4D4E-9028-B6CABECCB953}"
EndProject
Project("{2150E333-8FDC-42A3-9474-1A3956D46DE8}") = "Auth", "Auth", "{4B9B54D5-0D37-4E63-93A8-151470433F4A}"
EndProject
Project("{2150E333-8FDC-42A3-9474-1A3956D46DE8}") = "Product", "Product", "{5A609DCF-507E-4DB4-9AFD-21C82DD00181}"
EndProject
Project("{2150E333-8FDC-42A3-9474-1A3956D46DE8}") = "Order", "Order", "{2DE22F76-091F-4FCD-B0CB-056149D5F8E8}"
EndProject
Project("{2150E333-8FDC-42A3-9474-1A3956D46DE8}") = "Shared", "Shared", "{41615133-D706-4C5F-BA09-B5D48A5190B1}"
EndProject
Project("{FAE04EC0-301F-11D3-BF4B-00C04F79EFBC}") = "WFO.Auth.ApplicationService", "Services\Auth\WFO.Auth.ApplicationService\WFO.Auth.ApplicationService.csproj", "{E0CC3C75-A791-4917-B658-0560A734AA70}"
EndProject
Project("{FAE04EC0-301F-11D3-BF4B-00C04F79EFBC}") = "WFO.Order.ApplicationService", "Services\Order\WFO.Order.ApplicationService\WFO.Order.ApplicationService.csproj", "{FCF452F4-2A88-4625-AEFA-F237172380D1}"
EndProject
Project("{9A19103F-16F7-4668-BE54-9A1E7A4F7556}") = "WFO.Auth.Domain", "Services\Auth\WFO.Auth.Domain\WFO.Auth.Domain.csproj", "{589B44DC-BE24-492B-AE33-B510722045E3}"
EndProject
Project("{9A19103F-16F7-4668-BE54-9A1E7A4F7556}") = "WFO.Auth.Dtos", "Services\Auth\WFO.Auth.Dtos\WFO.Auth.Dtos.csproj", "{4111F9A5-F56F-4B83-9DFA-6231D2617594}"
EndProject
Project("{9A19103F-16F7-4668-BE54-9A1E7A4F7556}") = "WFO.Auth.Infrastructure", "Services\Auth\WFO.Auth.Infrastructure\WFO.Auth.Infrastructure.csproj", "{24D50738-AF97-41FD-9335-93CB6B6A080B}"
EndProject
Project("{FAE04EC0-301F-11D3-BF4B-00C04F79EFBC}") = "WFO.Order.Domain", "Services\Order\WFO.Order.Domain\WFO.Order.Domain.csproj", "{E58D5B2B-F7A3-41B3-9534-A770A8D57795}"
EndProject
Project("{FAE04EC0-301F-11D3-BF4B-00C04F79EFBC}") = "WFO.Order.Dtos", "Services\Order\WFO.Order.Dtos\WFO.Order.Dtos.csproj", "{77B09B96-5CBF-4BCE-A3BF-25DB596E4A8F}"
EndProject
Project("{FAE04EC0-301F-11D3-BF4B-00C04F79EFBC}") = "WFO.Order.Infrastructure", "Services\Order\WFO.Order.Infrastructure\WFO.Order.Infrastructure.csproj", "{9BB9C608-D28F-40E4-86FA-953A0C62E280}"
EndProject
Project("{FAE04EC0-301F-11D3-BF4B-00C04F79EFBC}") = "WFO.Product.Domain", "Services\Product\WFO.Product.Domain\WFO.Product.Domain.csproj", "{22B4D50F-7FCB-4021-84B1-C4D36CC6532A}"
EndProject
Project("{FAE04EC0-301F-11D3-BF4B-00C04F79EFBC}") = "WFO.Product.ApplicationService", "Services\Product\WFO.Product.ApplicationService\WFO.Product.ApplicationService.csproj", "{88E6E819-C372-40DA-979C-630BD00F60CE}"
EndProject
Project("{FAE04EC0-301F-11D3-BF4B-00C04F79EFBC}") = "WFO.Product.Dtos", "Services\Product\WFO.Product.Dtos\WFO.Product.Dtos.csproj", "{671E05E3-3AF9-4CD7-9C89-5B658487CE7C}"
EndProject
Project("{9A19103F-16F7-4668-BE54-9A1E7A4F7556}") = "WFO.Product.Infrastructure", "Services\Product\WFO.Product.Infrastructure\WFO.Product.Infrastructure.csproj", "{33970271-743E-4209-B252-A69079A51361}"
EndProject
Project("{FAE04EC0-301F-11D3-BF4B-00C04F79EFBC}") = "WFO.Shared.Constant", "Services\Shared\WFO.Shared.Constant\WFO.Shared.Constant.csproj", "{64283B8C-6931-4309-8284-B9442E3533F1}"
EndProject
Project("{FAE04EC0-301F-11D3-BF4B-00C04F79EFBC}") = "WFO.Shared.ApplicationService", "Services\Shared\WFO.Shared.ApplicationService\WFO.Shared.ApplicationService.csproj", "{7C523C34-4887-4784-B648-4FC672334D76}"
EndProject
Global
	GlobalSection(SolutionConfigurationPlatforms) = preSolution
		Debug|Any CPU = Debug|Any CPU
		Release|Any CPU = Release|Any CPU
	EndGlobalSection
	GlobalSection(ProjectConfigurationPlatforms) = postSolution
		{0EA3033B-4DB2-4563-BD3F-9821768C97FC}.Debug|Any CPU.ActiveCfg = Debug|Any CPU
		{0EA3033B-4DB2-4563-BD3F-9821768C97FC}.Debug|Any CPU.Build.0 = Debug|Any CPU
		{0EA3033B-4DB2-4563-BD3F-9821768C97FC}.Release|Any CPU.ActiveCfg = Release|Any CPU
		{0EA3033B-4DB2-4563-BD3F-9821768C97FC}.Release|Any CPU.Build.0 = Release|Any CPU
		{E0CC3C75-A791-4917-B658-0560A734AA70}.Debug|Any CPU.ActiveCfg = Debug|Any CPU
		{E0CC3C75-A791-4917-B658-0560A734AA70}.Debug|Any CPU.Build.0 = Debug|Any CPU
		{E0CC3C75-A791-4917-B658-0560A734AA70}.Release|Any CPU.ActiveCfg = Release|Any CPU
		{E0CC3C75-A791-4917-B658-0560A734AA70}.Release|Any CPU.Build.0 = Release|Any CPU
		{FCF452F4-2A88-4625-AEFA-F237172380D1}.Debug|Any CPU.ActiveCfg = Debug|Any CPU
		{FCF452F4-2A88-4625-AEFA-F237172380D1}.Debug|Any CPU.Build.0 = Debug|Any CPU
		{FCF452F4-2A88-4625-AEFA-F237172380D1}.Release|Any CPU.ActiveCfg = Release|Any CPU
		{FCF452F4-2A88-4625-AEFA-F237172380D1}.Release|Any CPU.Build.0 = Release|Any CPU
		{589B44DC-BE24-492B-AE33-B510722045E3}.Debug|Any CPU.ActiveCfg = Debug|Any CPU
		{589B44DC-BE24-492B-AE33-B510722045E3}.Debug|Any CPU.Build.0 = Debug|Any CPU
		{589B44DC-BE24-492B-AE33-B510722045E3}.Release|Any CPU.ActiveCfg = Release|Any CPU
		{589B44DC-BE24-492B-AE33-B510722045E3}.Release|Any CPU.Build.0 = Release|Any CPU
		{4111F9A5-F56F-4B83-9DFA-6231D2617594}.Debug|Any CPU.ActiveCfg = Debug|Any CPU
		{4111F9A5-F56F-4B83-9DFA-6231D2617594}.Debug|Any CPU.Build.0 = Debug|Any CPU
		{4111F9A5-F56F-4B83-9DFA-6231D2617594}.Release|Any CPU.ActiveCfg = Release|Any CPU
		{4111F9A5-F56F-4B83-9DFA-6231D2617594}.Release|Any CPU.Build.0 = Release|Any CPU
		{24D50738-AF97-41FD-9335-93CB6B6A080B}.Debug|Any CPU.ActiveCfg = Debug|Any CPU
		{24D50738-AF97-41FD-9335-93CB6B6A080B}.Debug|Any CPU.Build.0 = Debug|Any CPU
		{24D50738-AF97-41FD-9335-93CB6B6A080B}.Release|Any CPU.ActiveCfg = Release|Any CPU
		{24D50738-AF97-41FD-9335-93CB6B6A080B}.Release|Any CPU.Build.0 = Release|Any CPU
		{E58D5B2B-F7A3-41B3-9534-A770A8D57795}.Debug|Any CPU.ActiveCfg = Debug|Any CPU
		{E58D5B2B-F7A3-41B3-9534-A770A8D57795}.Debug|Any CPU.Build.0 = Debug|Any CPU
		{E58D5B2B-F7A3-41B3-9534-A770A8D57795}.Release|Any CPU.ActiveCfg = Release|Any CPU
		{E58D5B2B-F7A3-41B3-9534-A770A8D57795}.Release|Any CPU.Build.0 = Release|Any CPU
		{77B09B96-5CBF-4BCE-A3BF-25DB596E4A8F}.Debug|Any CPU.ActiveCfg = Debug|Any CPU
		{77B09B96-5CBF-4BCE-A3BF-25DB596E4A8F}.Debug|Any CPU.Build.0 = Debug|Any CPU
		{77B09B96-5CBF-4BCE-A3BF-25DB596E4A8F}.Release|Any CPU.ActiveCfg = Release|Any CPU
		{77B09B96-5CBF-4BCE-A3BF-25DB596E4A8F}.Release|Any CPU.Build.0 = Release|Any CPU
		{9BB9C608-D28F-40E4-86FA-953A0C62E280}.Debug|Any CPU.ActiveCfg = Debug|Any CPU
		{9BB9C608-D28F-40E4-86FA-953A0C62E280}.Debug|Any CPU.Build.0 = Debug|Any CPU
		{9BB9C608-D28F-40E4-86FA-953A0C62E280}.Release|Any CPU.ActiveCfg = Release|Any CPU
		{9BB9C608-D28F-40E4-86FA-953A0C62E280}.Release|Any CPU.Build.0 = Release|Any CPU
		{22B4D50F-7FCB-4021-84B1-C4D36CC6532A}.Debug|Any CPU.ActiveCfg = Debug|Any CPU
		{22B4D50F-7FCB-4021-84B1-C4D36CC6532A}.Debug|Any CPU.Build.0 = Debug|Any CPU
		{22B4D50F-7FCB-4021-84B1-C4D36CC6532A}.Release|Any CPU.ActiveCfg = Release|Any CPU
		{22B4D50F-7FCB-4021-84B1-C4D36CC6532A}.Release|Any CPU.Build.0 = Release|Any CPU
		{88E6E819-C372-40DA-979C-630BD00F60CE}.Debug|Any CPU.ActiveCfg = Debug|Any CPU
		{88E6E819-C372-40DA-979C-630BD00F60CE}.Debug|Any CPU.Build.0 = Debug|Any CPU
		{88E6E819-C372-40DA-979C-630BD00F60CE}.Release|Any CPU.ActiveCfg = Release|Any CPU
		{88E6E819-C372-40DA-979C-630BD00F60CE}.Release|Any CPU.Build.0 = Release|Any CPU
		{671E05E3-3AF9-4CD7-9C89-5B658487CE7C}.Debug|Any CPU.ActiveCfg = Debug|Any CPU
		{671E05E3-3AF9-4CD7-9C89-5B658487CE7C}.Debug|Any CPU.Build.0 = Debug|Any CPU
		{671E05E3-3AF9-4CD7-9C89-5B658487CE7C}.Release|Any CPU.ActiveCfg = Release|Any CPU
		{671E05E3-3AF9-4CD7-9C89-5B658487CE7C}.Release|Any CPU.Build.0 = Release|Any CPU
		{33970271-743E-4209-B252-A69079A51361}.Debug|Any CPU.ActiveCfg = Debug|Any CPU
		{33970271-743E-4209-B252-A69079A51361}.Debug|Any CPU.Build.0 = Debug|Any CPU
		{33970271-743E-4209-B252-A69079A51361}.Release|Any CPU.ActiveCfg = Release|Any CPU
		{33970271-743E-4209-B252-A69079A51361}.Release|Any CPU.Build.0 = Release|Any CPU
		{64283B8C-6931-4309-8284-B9442E3533F1}.Debug|Any CPU.ActiveCfg = Debug|Any CPU
		{64283B8C-6931-4309-8284-B9442E3533F1}.Debug|Any CPU.Build.0 = Debug|Any CPU
		{64283B8C-6931-4309-8284-B9442E3533F1}.Release|Any CPU.ActiveCfg = Release|Any CPU
		{64283B8C-6931-4309-8284-B9442E3533F1}.Release|Any CPU.Build.0 = Release|Any CPU
		{7C523C34-4887-4784-B648-4FC672334D76}.Debug|Any CPU.ActiveCfg = Debug|Any CPU
		{7C523C34-4887-4784-B648-4FC672334D76}.Debug|Any CPU.Build.0 = Debug|Any CPU
		{7C523C34-4887-4784-B648-4FC672334D76}.Release|Any CPU.ActiveCfg = Release|Any CPU
		{7C523C34-4887-4784-B648-4FC672334D76}.Release|Any CPU.Build.0 = Release|Any CPU
	EndGlobalSection
	GlobalSection(SolutionProperties) = preSolution
		HideSolutionNode = FALSE
	EndGlobalSection
	GlobalSection(NestedProjects) = preSolution
		{4B9B54D5-0D37-4E63-93A8-151470433F4A} = {3549FF2E-10CB-4D4E-9028-B6CABECCB953}
		{5A609DCF-507E-4DB4-9AFD-21C82DD00181} = {3549FF2E-10CB-4D4E-9028-B6CABECCB953}
		{2DE22F76-091F-4FCD-B0CB-056149D5F8E8} = {3549FF2E-10CB-4D4E-9028-B6CABECCB953}
		{41615133-D706-4C5F-BA09-B5D48A5190B1} = {3549FF2E-10CB-4D4E-9028-B6CABECCB953}
		{E0CC3C75-A791-4917-B658-0560A734AA70} = {4B9B54D5-0D37-4E63-93A8-151470433F4A}
		{FCF452F4-2A88-4625-AEFA-F237172380D1} = {2DE22F76-091F-4FCD-B0CB-056149D5F8E8}
		{589B44DC-BE24-492B-AE33-B510722045E3} = {4B9B54D5-0D37-4E63-93A8-151470433F4A}
		{4111F9A5-F56F-4B83-9DFA-6231D2617594} = {4B9B54D5-0D37-4E63-93A8-151470433F4A}
		{24D50738-AF97-41FD-9335-93CB6B6A080B} = {4B9B54D5-0D37-4E63-93A8-151470433F4A}
		{E58D5B2B-F7A3-41B3-9534-A770A8D57795} = {2DE22F76-091F-4FCD-B0CB-056149D5F8E8}
		{77B09B96-5CBF-4BCE-A3BF-25DB596E4A8F} = {2DE22F76-091F-4FCD-B0CB-056149D5F8E8}
		{9BB9C608-D28F-40E4-86FA-953A0C62E280} = {2DE22F76-091F-4FCD-B0CB-056149D5F8E8}
		{22B4D50F-7FCB-4021-84B1-C4D36CC6532A} = {5A609DCF-507E-4DB4-9AFD-21C82DD00181}
		{88E6E819-C372-40DA-979C-630BD00F60CE} = {5A609DCF-507E-4DB4-9AFD-21C82DD00181}
		{671E05E3-3AF9-4CD7-9C89-5B658487CE7C} = {5A609DCF-507E-4DB4-9AFD-21C82DD00181}
		{33970271-743E-4209-B252-A69079A51361} = {5A609DCF-507E-4DB4-9AFD-21C82DD00181}
		{64283B8C-6931-4309-8284-B9442E3533F1} = {41615133-D706-4C5F-BA09-B5D48A5190B1}
		{7C523C34-4887-4784-B648-4FC672334D76} = {41615133-D706-4C5F-BA09-B5D48A5190B1}
	EndGlobalSection
	GlobalSection(ExtensibilityGlobals) = postSolution
		SolutionGuid = {19FEDAF5-7089-4B4B-B345-D42688DEF4CC}
	EndGlobalSection
EndGlobal
