
Microsoft Visual Studio Solution File, Format Version 12.00
# Visual Studio Version 17
VisualStudioVersion = 17.11.35327.3
MinimumVisualStudioVersion = 10.0.40219.1
Project("{FAE04EC0-301F-11D3-BF4B-00C04F79EFBC}") = "be-web-food-order", "be-web-food-order.csproj", "{C98D6495-B7D8-49E6-961F-4C7A2F2A2D81}"
EndProject
Project("{2150E333-8FDC-42A3-9474-1A3956D46DE8}") = "Services", "Services", "{A1549477-4E96-4BF5-935D-DC3A88403E2C}"
EndProject
Project("{2150E333-8FDC-42A3-9474-1A3956D46DE8}") = "Auth", "Auth", "{DE0DDAE8-7E6F-4E84-8021-566678C337A6}"
EndProject
Project("{2150E333-8FDC-42A3-9474-1A3956D46DE8}") = "Product", "Product", "{ACB97DCB-0206-4625-92ED-9E49315EFF94}"
EndProject
Project("{2150E333-8FDC-42A3-9474-1A3956D46DE8}") = "Order", "Order", "{958376B6-4425-42B1-9730-CF348A96CA9C}"
EndProject
Project("{2150E333-8FDC-42A3-9474-1A3956D46DE8}") = "Shared", "Shared", "{6A4BC64A-A953-46F6-B1C3-998AD894DA8D}"
EndProject
Project("{FAE04EC0-301F-11D3-BF4B-00C04F79EFBC}") = "WFO.Shared.Constant", "Services\Shared\WFO.Shared.Constant\WFO.Shared.Constant.csproj", "{62CD454D-A4E5-4A33-93F5-6781657A9169}"
EndProject
Project("{FAE04EC0-301F-11D3-BF4B-00C04F79EFBC}") = "WFO.Shared.ApplicationService", "Services\Shared\WFO.Shared.ApplicationService\WFO.Shared.ApplicationService.csproj", "{99AF43E1-40BA-4365-9F83-EB14847804F6}"
EndProject
Project("{FAE04EC0-301F-11D3-BF4B-00C04F79EFBC}") = "WFO.Auth.ApplicationService", "Services\Auth\WFO.Auth.ApplicationService\WFO.Auth.ApplicationService.csproj", "{021091AF-9AB5-4882-B277-ABD7FC1B9CD3}"
EndProject
Project("{FAE04EC0-301F-11D3-BF4B-00C04F79EFBC}") = "WFO.Auth.Domain", "Services\Auth\WFO.Auth.Domain\WFO.Auth.Domain.csproj", "{084A6BDB-B921-4BE9-9F35-68B35C3E0858}"
EndProject
Project("{FAE04EC0-301F-11D3-BF4B-00C04F79EFBC}") = "WFO.Auth.Infrastructures", "Services\Auth\WFO.Auth.Infrastructure\WFO.Auth.Infrastructures.csproj", "{4EC9575B-922D-4DB4-8422-BA69089A26CA}"
EndProject
Project("{FAE04EC0-301F-11D3-BF4B-00C04F79EFBC}") = "WFO.Auth.Dtos", "Services\Auth\WFO.Auth.Dtos\WFO.Auth.Dtos.csproj", "{91CDB4D7-B087-4F1D-9EE1-3C7FD51F6973}"
EndProject
Global
	GlobalSection(SolutionConfigurationPlatforms) = preSolution
		Debug|Any CPU = Debug|Any CPU
		Release|Any CPU = Release|Any CPU
	EndGlobalSection
	GlobalSection(ProjectConfigurationPlatforms) = postSolution
		{C98D6495-B7D8-49E6-961F-4C7A2F2A2D81}.Debug|Any CPU.ActiveCfg = Debug|Any CPU
		{C98D6495-B7D8-49E6-961F-4C7A2F2A2D81}.Debug|Any CPU.Build.0 = Debug|Any CPU
		{C98D6495-B7D8-49E6-961F-4C7A2F2A2D81}.Release|Any CPU.ActiveCfg = Release|Any CPU
		{C98D6495-B7D8-49E6-961F-4C7A2F2A2D81}.Release|Any CPU.Build.0 = Release|Any CPU
		{62CD454D-A4E5-4A33-93F5-6781657A9169}.Debug|Any CPU.ActiveCfg = Debug|Any CPU
		{62CD454D-A4E5-4A33-93F5-6781657A9169}.Debug|Any CPU.Build.0 = Debug|Any CPU
		{62CD454D-A4E5-4A33-93F5-6781657A9169}.Release|Any CPU.ActiveCfg = Release|Any CPU
		{62CD454D-A4E5-4A33-93F5-6781657A9169}.Release|Any CPU.Build.0 = Release|Any CPU
		{99AF43E1-40BA-4365-9F83-EB14847804F6}.Debug|Any CPU.ActiveCfg = Debug|Any CPU
		{99AF43E1-40BA-4365-9F83-EB14847804F6}.Debug|Any CPU.Build.0 = Debug|Any CPU
		{99AF43E1-40BA-4365-9F83-EB14847804F6}.Release|Any CPU.ActiveCfg = Release|Any CPU
		{99AF43E1-40BA-4365-9F83-EB14847804F6}.Release|Any CPU.Build.0 = Release|Any CPU
		{021091AF-9AB5-4882-B277-ABD7FC1B9CD3}.Debug|Any CPU.ActiveCfg = Debug|Any CPU
		{021091AF-9AB5-4882-B277-ABD7FC1B9CD3}.Debug|Any CPU.Build.0 = Debug|Any CPU
		{021091AF-9AB5-4882-B277-ABD7FC1B9CD3}.Release|Any CPU.ActiveCfg = Release|Any CPU
		{021091AF-9AB5-4882-B277-ABD7FC1B9CD3}.Release|Any CPU.Build.0 = Release|Any CPU
		{084A6BDB-B921-4BE9-9F35-68B35C3E0858}.Debug|Any CPU.ActiveCfg = Debug|Any CPU
		{084A6BDB-B921-4BE9-9F35-68B35C3E0858}.Debug|Any CPU.Build.0 = Debug|Any CPU
		{084A6BDB-B921-4BE9-9F35-68B35C3E0858}.Release|Any CPU.ActiveCfg = Release|Any CPU
		{084A6BDB-B921-4BE9-9F35-68B35C3E0858}.Release|Any CPU.Build.0 = Release|Any CPU
		{4EC9575B-922D-4DB4-8422-BA69089A26CA}.Debug|Any CPU.ActiveCfg = Debug|Any CPU
		{4EC9575B-922D-4DB4-8422-BA69089A26CA}.Debug|Any CPU.Build.0 = Debug|Any CPU
		{4EC9575B-922D-4DB4-8422-BA69089A26CA}.Release|Any CPU.ActiveCfg = Release|Any CPU
		{4EC9575B-922D-4DB4-8422-BA69089A26CA}.Release|Any CPU.Build.0 = Release|Any CPU
		{91CDB4D7-B087-4F1D-9EE1-3C7FD51F6973}.Debug|Any CPU.ActiveCfg = Debug|Any CPU
		{91CDB4D7-B087-4F1D-9EE1-3C7FD51F6973}.Debug|Any CPU.Build.0 = Debug|Any CPU
		{91CDB4D7-B087-4F1D-9EE1-3C7FD51F6973}.Release|Any CPU.ActiveCfg = Release|Any CPU
		{91CDB4D7-B087-4F1D-9EE1-3C7FD51F6973}.Release|Any CPU.Build.0 = Release|Any CPU
	EndGlobalSection
	GlobalSection(SolutionProperties) = preSolution
		HideSolutionNode = FALSE
	EndGlobalSection
	GlobalSection(NestedProjects) = preSolution
		{DE0DDAE8-7E6F-4E84-8021-566678C337A6} = {A1549477-4E96-4BF5-935D-DC3A88403E2C}
		{ACB97DCB-0206-4625-92ED-9E49315EFF94} = {A1549477-4E96-4BF5-935D-DC3A88403E2C}
		{958376B6-4425-42B1-9730-CF348A96CA9C} = {A1549477-4E96-4BF5-935D-DC3A88403E2C}
		{6A4BC64A-A953-46F6-B1C3-998AD894DA8D} = {A1549477-4E96-4BF5-935D-DC3A88403E2C}
		{62CD454D-A4E5-4A33-93F5-6781657A9169} = {6A4BC64A-A953-46F6-B1C3-998AD894DA8D}
		{99AF43E1-40BA-4365-9F83-EB14847804F6} = {6A4BC64A-A953-46F6-B1C3-998AD894DA8D}
		{021091AF-9AB5-4882-B277-ABD7FC1B9CD3} = {DE0DDAE8-7E6F-4E84-8021-566678C337A6}
		{084A6BDB-B921-4BE9-9F35-68B35C3E0858} = {DE0DDAE8-7E6F-4E84-8021-566678C337A6}
		{4EC9575B-922D-4DB4-8422-BA69089A26CA} = {DE0DDAE8-7E6F-4E84-8021-566678C337A6}
		{91CDB4D7-B087-4F1D-9EE1-3C7FD51F6973} = {DE0DDAE8-7E6F-4E84-8021-566678C337A6}
	EndGlobalSection
	GlobalSection(ExtensibilityGlobals) = postSolution
		SolutionGuid = {260D5B25-6621-47CC-A01B-4E9906E7214E}
	EndGlobalSection
EndGlobal
